// !$*UTF8*$!
{
	archiveVersion = 1;
	classes = {
	};
	objectVersion = 46;
	objects = {

/* Begin PBXBuildFile section */
		0DC1402BF2164C4691007F75 /* Pods_pokedex3.framework in Frameworks */ = {isa = PBXBuildFile; fileRef = 5B85872418DAE56C6530C6F3 /* Pods_pokedex3.framework */; };
		4B1B90251FB612A200C18E5C /* AppDelegate.swift in Sources */ = {isa = PBXBuildFile; fileRef = 4B1B90241FB612A200C18E5C /* AppDelegate.swift */; };
		4B1B90271FB612A200C18E5C /* ViewController.swift in Sources */ = {isa = PBXBuildFile; fileRef = 4B1B90261FB612A200C18E5C /* ViewController.swift */; };
		4B1B902A1FB612A200C18E5C /* Main.storyboard in Resources */ = {isa = PBXBuildFile; fileRef = 4B1B90281FB612A200C18E5C /* Main.storyboard */; };
		4B1B902C1FB612A200C18E5C /* Assets.xcassets in Resources */ = {isa = PBXBuildFile; fileRef = 4B1B902B1FB612A200C18E5C /* Assets.xcassets */; };
		4B1B902F1FB612A200C18E5C /* LaunchScreen.storyboard in Resources */ = {isa = PBXBuildFile; fileRef = 4B1B902D1FB612A200C18E5C /* LaunchScreen.storyboard */; };
		4B1B90371FB6170200C18E5C /* pokemon.csv in Resources */ = {isa = PBXBuildFile; fileRef = 4B1B90361FB6170200C18E5C /* pokemon.csv */; };
		4B1B903A1FB6188700C18E5C /* Pokemon.swift in Sources */ = {isa = PBXBuildFile; fileRef = 4B1B90391FB6188700C18E5C /* Pokemon.swift */; };
		4B1B903D1FB623BA00C18E5C /* PokeCell.swift in Sources */ = {isa = PBXBuildFile; fileRef = 4B1B903C1FB623BA00C18E5C /* PokeCell.swift */; };
		4B1B903F1FB6488500C18E5C /* csv.swift in Sources */ = {isa = PBXBuildFile; fileRef = 4B1B903E1FB6488500C18E5C /* csv.swift */; };
		4B1B90421FB650B900C18E5C /* Pokemon Hollow.ttf in Resources */ = {isa = PBXBuildFile; fileRef = 4B1B90401FB650B900C18E5C /* Pokemon Hollow.ttf */; };
		4B1B90431FB650B900C18E5C /* Pokemon Solid.ttf in Resources */ = {isa = PBXBuildFile; fileRef = 4B1B90411FB650B900C18E5C /* Pokemon Solid.ttf */; };
		4B1B90481FB653AA00C18E5C /* music.mp3 in Resources */ = {isa = PBXBuildFile; fileRef = 4B1B90471FB653AA00C18E5C /* music.mp3 */; };
		4B1B904A1FB66EB700C18E5C /* PokemonDetailVC.swift in Sources */ = {isa = PBXBuildFile; fileRef = 4B1B90491FB66EB700C18E5C /* PokemonDetailVC.swift */; };
		4B1B904C1FB7952A00C18E5C /* Constants.swift in Sources */ = {isa = PBXBuildFile; fileRef = 4B1B904B1FB7952A00C18E5C /* Constants.swift */; };
/* End PBXBuildFile section */

/* Begin PBXFileReference section */
		4B1B90211FB612A200C18E5C /* pokedex3.app */ = {isa = PBXFileReference; explicitFileType = wrapper.application; includeInIndex = 0; path = pokedex3.app; sourceTree = BUILT_PRODUCTS_DIR; };
		4B1B90241FB612A200C18E5C /* AppDelegate.swift */ = {isa = PBXFileReference; lastKnownFileType = sourcecode.swift; path = AppDelegate.swift; sourceTree = "<group>"; };
		4B1B90261FB612A200C18E5C /* ViewController.swift */ = {isa = PBXFileReference; lastKnownFileType = sourcecode.swift; path = ViewController.swift; sourceTree = "<group>"; };
		4B1B90291FB612A200C18E5C /* Base */ = {isa = PBXFileReference; lastKnownFileType = file.storyboard; name = Base; path = Base.lproj/Main.storyboard; sourceTree = "<group>"; };
		4B1B902B1FB612A200C18E5C /* Assets.xcassets */ = {isa = PBXFileReference; lastKnownFileType = folder.assetcatalog; path = Assets.xcassets; sourceTree = "<group>"; };
		4B1B902E1FB612A200C18E5C /* Base */ = {isa = PBXFileReference; lastKnownFileType = file.storyboard; name = Base; path = Base.lproj/LaunchScreen.storyboard; sourceTree = "<group>"; };
		4B1B90301FB612A200C18E5C /* Info.plist */ = {isa = PBXFileReference; lastKnownFileType = text.plist.xml; path = Info.plist; sourceTree = "<group>"; };
		4B1B90361FB6170200C18E5C /* pokemon.csv */ = {isa = PBXFileReference; fileEncoding = 4; lastKnownFileType = text; path = pokemon.csv; sourceTree = "<group>"; };
		4B1B90391FB6188700C18E5C /* Pokemon.swift */ = {isa = PBXFileReference; fileEncoding = 4; lastKnownFileType = sourcecode.swift; path = Pokemon.swift; sourceTree = "<group>"; };
		4B1B903C1FB623BA00C18E5C /* PokeCell.swift */ = {isa = PBXFileReference; fileEncoding = 4; lastKnownFileType = sourcecode.swift; path = PokeCell.swift; sourceTree = "<group>"; };
		4B1B903E1FB6488500C18E5C /* csv.swift */ = {isa = PBXFileReference; fileEncoding = 4; lastKnownFileType = sourcecode.swift; path = csv.swift; sourceTree = "<group>"; };
		4B1B90401FB650B900C18E5C /* Pokemon Hollow.ttf */ = {isa = PBXFileReference; lastKnownFileType = file; path = "Pokemon Hollow.ttf"; sourceTree = "<group>"; };
		4B1B90411FB650B900C18E5C /* Pokemon Solid.ttf */ = {isa = PBXFileReference; lastKnownFileType = file; path = "Pokemon Solid.ttf"; sourceTree = "<group>"; };
		4B1B90471FB653AA00C18E5C /* music.mp3 */ = {isa = PBXFileReference; lastKnownFileType = audio.mp3; path = music.mp3; sourceTree = "<group>"; };
		4B1B90491FB66EB700C18E5C /* PokemonDetailVC.swift */ = {isa = PBXFileReference; fileEncoding = 4; lastKnownFileType = sourcecode.swift; path = PokemonDetailVC.swift; sourceTree = "<group>"; };
		4B1B904B1FB7952A00C18E5C /* Constants.swift */ = {isa = PBXFileReference; fileEncoding = 4; lastKnownFileType = sourcecode.swift; path = Constants.swift; sourceTree = "<group>"; };
		5B85872418DAE56C6530C6F3 /* Pods_pokedex3.framework */ = {isa = PBXFileReference; explicitFileType = wrapper.framework; includeInIndex = 0; path = Pods_pokedex3.framework; sourceTree = BUILT_PRODUCTS_DIR; };
		92A3AF0F87BBC363E262DBD9 /* Pods-pokedex3.release.xcconfig */ = {isa = PBXFileReference; includeInIndex = 1; lastKnownFileType = text.xcconfig; name = "Pods-pokedex3.release.xcconfig"; path = "Pods/Target Support Files/Pods-pokedex3/Pods-pokedex3.release.xcconfig"; sourceTree = "<group>"; };
		EBDB01439D0A60882D17DED4 /* Pods-pokedex3.debug.xcconfig */ = {isa = PBXFileReference; includeInIndex = 1; lastKnownFileType = text.xcconfig; name = "Pods-pokedex3.debug.xcconfig"; path = "Pods/Target Support Files/Pods-pokedex3/Pods-pokedex3.debug.xcconfig"; sourceTree = "<group>"; };
/* End PBXFileReference section */

/* Begin PBXFrameworksBuildPhase section */
		4B1B901E1FB612A200C18E5C /* Frameworks */ = {
			isa = PBXFrameworksBuildPhase;
			buildActionMask = 2147483647;
			files = (
				0DC1402BF2164C4691007F75 /* Pods_pokedex3.framework in Frameworks */,
			);
			runOnlyForDeploymentPostprocessing = 0;
		};
/* End PBXFrameworksBuildPhase section */

/* Begin PBXGroup section */
		2CF0F7EE56803ED170D7E33B /* Pods */ = {
			isa = PBXGroup;
			children = (
				EBDB01439D0A60882D17DED4 /* Pods-pokedex3.debug.xcconfig */,
				92A3AF0F87BBC363E262DBD9 /* Pods-pokedex3.release.xcconfig */,
			);
			name = Pods;
			sourceTree = "<group>";
		};
		4B1B90181FB612A200C18E5C = {
			isa = PBXGroup;
			children = (
				4B1B90231FB612A200C18E5C /* pokedex3 */,
				4B1B90221FB612A200C18E5C /* Products */,
				2CF0F7EE56803ED170D7E33B /* Pods */,
				88608537AAFB71EA802C3CE3 /* Frameworks */,
			);
			sourceTree = "<group>";
		};
		4B1B90221FB612A200C18E5C /* Products */ = {
			isa = PBXGroup;
			children = (
				4B1B90211FB612A200C18E5C /* pokedex3.app */,
			);
			name = Products;
			sourceTree = "<group>";
		};
		4B1B90231FB612A200C18E5C /* pokedex3 */ = {
			isa = PBXGroup;
			children = (
				4B1B90381FB6186E00C18E5C /* Model */,
				4B1B903B1FB6236400C18E5C /* View */,
				4B1B90441FB650D000C18E5C /* Controller */,
				4B1B90461FB650F700C18E5C /* Util */,
				4B1B90451FB650DE00C18E5C /* Resources */,
				4B1B90241FB612A200C18E5C /* AppDelegate.swift */,
				4B1B90281FB612A200C18E5C /* Main.storyboard */,
				4B1B902B1FB612A200C18E5C /* Assets.xcassets */,
				4B1B902D1FB612A200C18E5C /* LaunchScreen.storyboard */,
				4B1B90301FB612A200C18E5C /* Info.plist */,
			);
			path = pokedex3;
			sourceTree = "<group>";
		};
		4B1B90381FB6186E00C18E5C /* Model */ = {
			isa = PBXGroup;
			children = (
				4B1B90391FB6188700C18E5C /* Pokemon.swift */,
			);
			name = Model;
			sourceTree = "<group>";
		};
		4B1B903B1FB6236400C18E5C /* View */ = {
			isa = PBXGroup;
			children = (
				4B1B903C1FB623BA00C18E5C /* PokeCell.swift */,
			);
			name = View;
			sourceTree = "<group>";
		};
		4B1B90441FB650D000C18E5C /* Controller */ = {
			isa = PBXGroup;
			children = (
				4B1B90261FB612A200C18E5C /* ViewController.swift */,
				4B1B90491FB66EB700C18E5C /* PokemonDetailVC.swift */,
			);
			name = Controller;
			sourceTree = "<group>";
		};
		4B1B90451FB650DE00C18E5C /* Resources */ = {
			isa = PBXGroup;
			children = (
				4B1B90401FB650B900C18E5C /* Pokemon Hollow.ttf */,
				4B1B90411FB650B900C18E5C /* Pokemon Solid.ttf */,
				4B1B90361FB6170200C18E5C /* pokemon.csv */,
				4B1B90471FB653AA00C18E5C /* music.mp3 */,
			);
			name = Resources;
			sourceTree = "<group>";
		};
		4B1B90461FB650F700C18E5C /* Util */ = {
			isa = PBXGroup;
			children = (
				4B1B903E1FB6488500C18E5C /* csv.swift */,
				4B1B904B1FB7952A00C18E5C /* Constants.swift */,
			);
			name = Util;
			sourceTree = "<group>";
		};
		88608537AAFB71EA802C3CE3 /* Frameworks */ = {
			isa = PBXGroup;
			children = (
				5B85872418DAE56C6530C6F3 /* Pods_pokedex3.framework */,
			);
			name = Frameworks;
			sourceTree = "<group>";
		};
/* End PBXGroup section */

/* Begin PBXNativeTarget section */
		4B1B90201FB612A200C18E5C /* pokedex3 */ = {
			isa = PBXNativeTarget;
			buildConfigurationList = 4B1B90331FB612A200C18E5C /* Build configuration list for PBXNativeTarget "pokedex3" */;
			buildPhases = (
				F9B7C02625146C1F548DB7C5 /* [CP] Check Pods Manifest.lock */,
				4B1B901D1FB612A200C18E5C /* Sources */,
				4B1B901E1FB612A200C18E5C /* Frameworks */,
				4B1B901F1FB612A200C18E5C /* Resources */,
				C12154C9A390D01E328043A8 /* [CP] Embed Pods Frameworks */,
				192DF2CBE1F45CC30E69FB87 /* [CP] Copy Pods Resources */,
			);
			buildRules = (
			);
			dependencies = (
			);
			name = pokedex3;
			productName = pokedex3;
			productReference = 4B1B90211FB612A200C18E5C /* pokedex3.app */;
			productType = "com.apple.product-type.application";
		};
/* End PBXNativeTarget section */

/* Begin PBXProject section */
		4B1B90191FB612A200C18E5C /* Project object */ = {
			isa = PBXProject;
			attributes = {
				LastSwiftUpdateCheck = 0830;
				LastUpgradeCheck = 0830;
				ORGANIZATIONNAME = Andi;
				TargetAttributes = {
					4B1B90201FB612A200C18E5C = {
						CreatedOnToolsVersion = 8.3.3;
						LastSwiftMigration = 0830;
						ProvisioningStyle = Automatic;
					};
				};
			};
			buildConfigurationList = 4B1B901C1FB612A200C18E5C /* Build configuration list for PBXProject "pokedex3" */;
			compatibilityVersion = "Xcode 3.2";
			developmentRegion = English;
			hasScannedForEncodings = 0;
			knownRegions = (
				en,
				Base,
			);
			mainGroup = 4B1B90181FB612A200C18E5C;
			productRefGroup = 4B1B90221FB612A200C18E5C /* Products */;
			projectDirPath = "";
			projectRoot = "";
			targets = (
				4B1B90201FB612A200C18E5C /* pokedex3 */,
			);
		};
/* End PBXProject section */

/* Begin PBXResourcesBuildPhase section */
		4B1B901F1FB612A200C18E5C /* Resources */ = {
			isa = PBXResourcesBuildPhase;
			buildActionMask = 2147483647;
			files = (
				4B1B902F1FB612A200C18E5C /* LaunchScreen.storyboard in Resources */,
				4B1B902C1FB612A200C18E5C /* Assets.xcassets in Resources */,
				4B1B90421FB650B900C18E5C /* Pokemon Hollow.ttf in Resources */,
				4B1B90431FB650B900C18E5C /* Pokemon Solid.ttf in Resources */,
				4B1B90371FB6170200C18E5C /* pokemon.csv in Resources */,
				4B1B90481FB653AA00C18E5C /* music.mp3 in Resources */,
				4B1B902A1FB612A200C18E5C /* Main.storyboard in Resources */,
			);
			runOnlyForDeploymentPostprocessing = 0;
		};
/* End PBXResourcesBuildPhase section */

/* Begin PBXShellScriptBuildPhase section */
		192DF2CBE1F45CC30E69FB87 /* [CP] Copy Pods Resources */ = {
			isa = PBXShellScriptBuildPhase;
			buildActionMask = 2147483647;
			files = (
			);
			inputPaths = (
			);
			name = "[CP] Copy Pods Resources";
			outputPaths = (
			);
			runOnlyForDeploymentPostprocessing = 0;
			shellPath = /bin/sh;
			shellScript = "\"${SRCROOT}/Pods/Target Support Files/Pods-pokedex3/Pods-pokedex3-resources.sh\"\n";
			showEnvVarsInLog = 0;
		};
		C12154C9A390D01E328043A8 /* [CP] Embed Pods Frameworks */ = {
			isa = PBXShellScriptBuildPhase;
			buildActionMask = 2147483647;
			files = (
			);
			inputPaths = (
				"${SRCROOT}/Pods/Target Support Files/Pods-pokedex3/Pods-pokedex3-frameworks.sh",
				"${BUILT_PRODUCTS_DIR}/Alamofire/Alamofire.framework",
				"${BUILT_PRODUCTS_DIR}/SwiftyJSON/SwiftyJSON.framework",
			);
			name = "[CP] Embed Pods Frameworks";
			outputPaths = (
				"${TARGET_BUILD_DIR}/${FRAMEWORKS_FOLDER_PATH}/Alamofire.framework",
				"${TARGET_BUILD_DIR}/${FRAMEWORKS_FOLDER_PATH}/SwiftyJSON.framework",
			);
			runOnlyForDeploymentPostprocessing = 0;
			shellPath = /bin/sh;
			shellScript = "\"${SRCROOT}/Pods/Target Support Files/Pods-pokedex3/Pods-pokedex3-frameworks.sh\"\n";
			showEnvVarsInLog = 0;
		};
		F9B7C02625146C1F548DB7C5 /* [CP] Check Pods Manifest.lock */ = {
			isa = PBXShellScriptBuildPhase;
			buildActionMask = 2147483647;
			files = (
			);
			inputPaths = (
				"${PODS_PODFILE_DIR_PATH}/Podfile.lock",
				"${PODS_ROOT}/Manifest.lock",
			);
			name = "[CP] Check Pods Manifest.lock";
			outputPaths = (
				"$(DERIVED_FILE_DIR)/Pods-pokedex3-checkManifestLockResult.txt",
			);
			runOnlyForDeploymentPostprocessing = 0;
			shellPath = /bin/sh;
			shellScript = "diff \"${PODS_PODFILE_DIR_PATH}/Podfile.lock\" \"${PODS_ROOT}/Manifest.lock\" > /dev/null\nif [ $? != 0 ] ; then\n    # print error to STDERR\n    echo \"error: The sandbox is not in sync with the Podfile.lock. Run 'pod install' or update your CocoaPods installation.\" >&2\n    exit 1\nfi\n# This output is used by Xcode 'outputs' to avoid re-running this script phase.\necho \"SUCCESS\" > \"${SCRIPT_OUTPUT_FILE_0}\"\n";
			showEnvVarsInLog = 0;
		};
/* End PBXShellScriptBuildPhase section */

/* Begin PBXSourcesBuildPhase section */
		4B1B901D1FB612A200C18E5C /* Sources */ = {
			isa = PBXSourcesBuildPhase;
			buildActionMask = 2147483647;
			files = (
				4B1B903D1FB623BA00C18E5C /* PokeCell.swift in Sources */,
				4B1B90271FB612A200C18E5C /* ViewController.swift in Sources */,
				4B1B90251FB612A200C18E5C /* AppDelegate.swift in Sources */,
				4B1B904A1FB66EB700C18E5C /* PokemonDetailVC.swift in Sources */,
				4B1B904C1FB7952A00C18E5C /* Constants.swift in Sources */,
				4B1B903A1FB6188700C18E5C /* Pokemon.swift in Sources */,
				4B1B903F1FB6488500C18E5C /* csv.swift in Sources */,
			);
			runOnlyForDeploymentPostprocessing = 0;
		};
/* End PBXSourcesBuildPhase section */

/* Begin PBXVariantGroup section */
		4B1B90281FB612A200C18E5C /* Main.storyboard */ = {
			isa = PBXVariantGroup;
			children = (
				4B1B90291FB612A200C18E5C /* Base */,
			);
			name = Main.storyboard;
			sourceTree = "<group>";
		};
		4B1B902D1FB612A200C18E5C /* LaunchScreen.storyboard */ = {
			isa = PBXVariantGroup;
			children = (
				4B1B902E1FB612A200C18E5C /* Base */,
			);
			name = LaunchScreen.storyboard;
			sourceTree = "<group>";
		};
/* End PBXVariantGroup section */

/* Begin XCBuildConfiguration section */
		4B1B90311FB612A200C18E5C /* Debug */ = {
			isa = XCBuildConfiguration;
			buildSettings = {
				ALWAYS_SEARCH_USER_PATHS = NO;
				CLANG_ANALYZER_NONNULL = YES;
				CLANG_ANALYZER_NUMBER_OBJECT_CONVERSION = YES_AGGRESSIVE;
				CLANG_CXX_LANGUAGE_STANDARD = "gnu++0x";
				CLANG_CXX_LIBRARY = "libc++";
				CLANG_ENABLE_MODULES = YES;
				CLANG_ENABLE_OBJC_ARC = YES;
				CLANG_WARN_BOOL_CONVERSION = YES;
				CLANG_WARN_CONSTANT_CONVERSION = YES;
				CLANG_WARN_DIRECT_OBJC_ISA_USAGE = YES_ERROR;
				CLANG_WARN_DOCUMENTATION_COMMENTS = YES;
				CLANG_WARN_EMPTY_BODY = YES;
				CLANG_WARN_ENUM_CONVERSION = YES;
				CLANG_WARN_INFINITE_RECURSION = YES;
				CLANG_WARN_INT_CONVERSION = YES;
				CLANG_WARN_OBJC_ROOT_CLASS = YES_ERROR;
				CLANG_WARN_SUSPICIOUS_MOVE = YES;
				CLANG_WARN_UNREACHABLE_CODE = YES;
				CLANG_WARN__DUPLICATE_METHOD_MATCH = YES;
				"CODE_SIGN_IDENTITY[sdk=iphoneos*]" = "iPhone Developer";
				COPY_PHASE_STRIP = NO;
				DEBUG_INFORMATION_FORMAT = dwarf;
				ENABLE_STRICT_OBJC_MSGSEND = YES;
				ENABLE_TESTABILITY = YES;
				GCC_C_LANGUAGE_STANDARD = gnu99;
				GCC_DYNAMIC_NO_PIC = NO;
				GCC_NO_COMMON_BLOCKS = YES;
				GCC_OPTIMIZATION_LEVEL = 0;
				GCC_PREPROCESSOR_DEFINITIONS = (
					"DEBUG=1",
					"$(inherited)",
				);
				GCC_WARN_64_TO_32_BIT_CONVERSION = YES;
				GCC_WARN_ABOUT_RETURN_TYPE = YES_ERROR;
				GCC_WARN_UNDECLARED_SELECTOR = YES;
				GCC_WARN_UNINITIALIZED_AUTOS = YES_AGGRESSIVE;
				GCC_WARN_UNUSED_FUNCTION = YES;
				GCC_WARN_UNUSED_VARIABLE = YES;
				IPHONEOS_DEPLOYMENT_TARGET = 10.3;
				MTL_ENABLE_DEBUG_INFO = YES;
				ONLY_ACTIVE_ARCH = YES;
				SDKROOT = iphoneos;
				SWIFT_ACTIVE_COMPILATION_CONDITIONS = DEBUG;
				SWIFT_OPTIMIZATION_LEVEL = "-Onone";
			};
			name = Debug;
		};
		4B1B90321FB612A200C18E5C /* Release */ = {
			isa = XCBuildConfiguration;
			buildSettings = {
				ALWAYS_SEARCH_USER_PATHS = NO;
				CLANG_ANALYZER_NONNULL = YES;
				CLANG_ANALYZER_NUMBER_OBJECT_CONVERSION = YES_AGGRESSIVE;
				CLANG_CXX_LANGUAGE_STANDARD = "gnu++0x";
				CLANG_CXX_LIBRARY = "libc++";
				CLANG_ENABLE_MODULES = YES;
				CLANG_ENABLE_OBJC_ARC = YES;
				CLANG_WARN_BOOL_CONVERSION = YES;
				CLANG_WARN_CONSTANT_CONVERSION = YES;
				CLANG_WARN_DIRECT_OBJC_ISA_USAGE = YES_ERROR;
				CLANG_WARN_DOCUMENTATION_COMMENTS = YES;
				CLANG_WARN_EMPTY_BODY = YES;
				CLANG_WARN_ENUM_CONVERSION = YES;
				CLANG_WARN_INFINITE_RECURSION = YES;
				CLANG_WARN_INT_CONVERSION = YES;
				CLANG_WARN_OBJC_ROOT_CLASS = YES_ERROR;
				CLANG_WARN_SUSPICIOUS_MOVE = YES;
				CLANG_WARN_UNREACHABLE_CODE = YES;
				CLANG_WARN__DUPLICATE_METHOD_MATCH = YES;
				"CODE_SIGN_IDENTITY[sdk=iphoneos*]" = "iPhone Developer";
				COPY_PHASE_STRIP = NO;
				DEBUG_INFORMATION_FORMAT = "dwarf-with-dsym";
				ENABLE_NS_ASSERTIONS = NO;
				ENABLE_STRICT_OBJC_MSGSEND = YES;
				GCC_C_LANGUAGE_STANDARD = gnu99;
				GCC_NO_COMMON_BLOCKS = YES;
				GCC_WARN_64_TO_32_BIT_CONVERSION = YES;
				GCC_WARN_ABOUT_RETURN_TYPE = YES_ERROR;
				GCC_WARN_UNDECLARED_SELECTOR = YES;
				GCC_WARN_UNINITIALIZED_AUTOS = YES_AGGRESSIVE;
				GCC_WARN_UNUSED_FUNCTION = YES;
				GCC_WARN_UNUSED_VARIABLE = YES;
				IPHONEOS_DEPLOYMENT_TARGET = 10.3;
				MTL_ENABLE_DEBUG_INFO = NO;
				SDKROOT = iphoneos;
				SWIFT_OPTIMIZATION_LEVEL = "-Owholemodule";
				VALIDATE_PRODUCT = YES;
			};
			name = Release;
		};
		4B1B90341FB612A200C18E5C /* Debug */ = {
			isa = XCBuildConfiguration;
			baseConfigurationReference = EBDB01439D0A60882D17DED4 /* Pods-pokedex3.debug.xcconfig */;
			buildSettings = {
				ASSETCATALOG_COMPILER_APPICON_NAME = AppIcon;
				INFOPLIST_FILE = pokedex3/Info.plist;
				LD_RUNPATH_SEARCH_PATHS = "$(inherited) @executable_path/Frameworks";
				PRODUCT_BUNDLE_IDENTIFIER = com.AndreasRiexinger.pokedex3;
				PRODUCT_NAME = "$(TARGET_NAME)";
				SWIFT_VERSION = 3.0;
			};
			name = Debug;
		};
		4B1B90351FB612A200C18E5C /* Release */ = {
			isa = XCBuildConfiguration;
			baseConfigurationReference = 92A3AF0F87BBC363E262DBD9 /* Pods-pokedex3.release.xcconfig */;
			buildSettings = {
				ASSETCATALOG_COMPILER_APPICON_NAME = AppIcon;
				INFOPLIST_FILE = pokedex3/Info.plist;
				LD_RUNPATH_SEARCH_PATHS = "$(inherited) @executable_path/Frameworks";
				PRODUCT_BUNDLE_IDENTIFIER = com.AndreasRiexinger.pokedex3;
				PRODUCT_NAME = "$(TARGET_NAME)";
				SWIFT_VERSION = 3.0;
			};
			name = Release;
		};
/* End XCBuildConfiguration section */

/* Begin XCConfigurationList section */
		4B1B901C1FB612A200C18E5C /* Build configuration list for PBXProject "pokedex3" */ = {
			isa = XCConfigurationList;
			buildConfigurations = (
				4B1B90311FB612A200C18E5C /* Debug */,
				4B1B90321FB612A200C18E5C /* Release */,
			);
			defaultConfigurationIsVisible = 0;
			defaultConfigurationName = Release;
		};
		4B1B90331FB612A200C18E5C /* Build configuration list for PBXNativeTarget "pokedex3" */ = {
			isa = XCConfigurationList;
			buildConfigurations = (
				4B1B90341FB612A200C18E5C /* Debug */,
				4B1B90351FB612A200C18E5C /* Release */,
			);
			defaultConfigurationIsVisible = 0;
		};
/* End XCConfigurationList section */
	};
	rootObject = 4B1B90191FB612A200C18E5C /* Project object */;
}
